
Microsoft Visual Studio Solution File, Format Version 12.00
# Visual Studio Version 16
VisualStudioVersion = 16.0.30711.63
MinimumVisualStudioVersion = 10.0.40219.1
Project("{FAE04EC0-301F-11D3-BF4B-00C04F79EFBC}") = "FileManager.UI", "FileManager.UI\FileManager.UI.csproj", "{4F566370-B632-47B3-A9A4-B184FB6E813A}"
EndProject
Global
	GlobalSection(SolutionConfigurationPlatforms) = preSolution
		Debug|Any CPU = Debug|Any CPU
		Release|Any CPU = Release|Any CPU
	EndGlobalSection
	GlobalSection(ProjectConfigurationPlatforms) = postSolution
		{4F566370-B632-47B3-A9A4-B184FB6E813A}.Debug|Any CPU.ActiveCfg = Debug|Any CPU
		{4F566370-B632-47B3-A9A4-B184FB6E813A}.Debug|Any CPU.Build.0 = Debug|Any CPU
		{4F566370-B632-47B3-A9A4-B184FB6E813A}.Release|Any CPU.ActiveCfg = Release|Any CPU
		{4F566370-B632-47B3-A9A4-B184FB6E813A}.Release|Any CPU.Build.0 = Release|Any CPU
	EndGlobalSection
	GlobalSection(SolutionProperties) = preSolution
		HideSolutionNode = FALSE
	EndGlobalSection
	GlobalSection(ExtensibilityGlobals) = postSolution
		SolutionGuid = {AEEE00EA-A209-4B78-AC67-B3ADBFC6BEDE}
	EndGlobalSection
EndGlobal
